
Microsoft Visual Studio Solution File, Format Version 12.00
# Visual Studio Version 17
VisualStudioVersion = 17.0.31919.166
MinimumVisualStudioVersion = 10.0.40219.1
Project("{FAE04EC0-301F-11D3-BF4B-00C04F79EFBC}") = "SSCarlJohan.DataManager", "SSCarlJohan.DataManager\SSCarlJohan.DataManager.csproj", "{BBFD2332-D914-4890-A6FC-A062D26E00DE}"
EndProject
Project("{00D1A9C2-B5F0-4AF3-8072-F6C62B433612}") = "SSCarlJohan.Data", "SSCarlJohan.Data\SSCarlJohan.Data.sqlproj", "{EE7F03AB-EF92-4151-91B8-01084942330E}"
EndProject
Project("{FAE04EC0-301F-11D3-BF4B-00C04F79EFBC}") = "SSCarlJohan.Desktop.UI", "SSCarlJohanDesktop.UI\SSCarlJohan.Desktop.UI.csproj", "{C832CBC8-5EF4-46DE-BBB7-4685BD6CCB25}"
EndProject
Project("{9A19103F-16F7-4668-BE54-9A1E7A4F7556}") = "SSCarlJohan.DataManager.Library", "SSCarlJohan.DataManager.Library\SSCarlJohan.DataManager.Library.csproj", "{7BD72679-D08B-435A-9F7D-6AF57067F7DD}"
EndProject
Project("{9A19103F-16F7-4668-BE54-9A1E7A4F7556}") = "SSCarlJohan.Desktop.UI.Library", "SSCarlJohan.Desktop.UI.Library\SSCarlJohan.Desktop.UI.Library.csproj", "{D0371E8B-AADB-44F3-8491-FC3D79FA4AA1}"
EndProject
Project("{2150E333-8FDC-42A3-9474-1A3956D46DE8}") = "Database", "Database", "{FBDCB8B2-0F94-41F2-948B-F95EDA78DA73}"
EndProject
Project("{2150E333-8FDC-42A3-9474-1A3956D46DE8}") = "API", "API", "{3C3AB825-781A-407B-A2DA-51F1BE6A41EF}"
EndProject
Project("{2150E333-8FDC-42A3-9474-1A3956D46DE8}") = "WPF", "WPF", "{BBC55EBE-DA3B-4B4A-B52E-77065C2000EE}"
EndProject
Project("{FAE04EC0-301F-11D3-BF4B-00C04F79EFBC}") = "SSCarlJohan.WebAPI", "SSCarlJohan.WebAPI\SSCarlJohan.WebAPI.csproj", "{00DFCF12-E1FB-4D2B-B4BA-5F82C31B03EE}"
EndProject
Global
	GlobalSection(SolutionConfigurationPlatforms) = preSolution
		Debug|Any CPU = Debug|Any CPU
		Release|Any CPU = Release|Any CPU
	EndGlobalSection
	GlobalSection(ProjectConfigurationPlatforms) = postSolution
		{BBFD2332-D914-4890-A6FC-A062D26E00DE}.Debug|Any CPU.ActiveCfg = Debug|Any CPU
		{BBFD2332-D914-4890-A6FC-A062D26E00DE}.Debug|Any CPU.Build.0 = Debug|Any CPU
		{BBFD2332-D914-4890-A6FC-A062D26E00DE}.Release|Any CPU.ActiveCfg = Release|Any CPU
		{BBFD2332-D914-4890-A6FC-A062D26E00DE}.Release|Any CPU.Build.0 = Release|Any CPU
		{EE7F03AB-EF92-4151-91B8-01084942330E}.Debug|Any CPU.ActiveCfg = Debug|Any CPU
		{EE7F03AB-EF92-4151-91B8-01084942330E}.Debug|Any CPU.Build.0 = Debug|Any CPU
		{EE7F03AB-EF92-4151-91B8-01084942330E}.Debug|Any CPU.Deploy.0 = Debug|Any CPU
		{EE7F03AB-EF92-4151-91B8-01084942330E}.Release|Any CPU.ActiveCfg = Release|Any CPU
		{EE7F03AB-EF92-4151-91B8-01084942330E}.Release|Any CPU.Build.0 = Release|Any CPU
		{EE7F03AB-EF92-4151-91B8-01084942330E}.Release|Any CPU.Deploy.0 = Release|Any CPU
		{C832CBC8-5EF4-46DE-BBB7-4685BD6CCB25}.Debug|Any CPU.ActiveCfg = Debug|Any CPU
		{C832CBC8-5EF4-46DE-BBB7-4685BD6CCB25}.Debug|Any CPU.Build.0 = Debug|Any CPU
		{C832CBC8-5EF4-46DE-BBB7-4685BD6CCB25}.Release|Any CPU.ActiveCfg = Release|Any CPU
		{C832CBC8-5EF4-46DE-BBB7-4685BD6CCB25}.Release|Any CPU.Build.0 = Release|Any CPU
		{7BD72679-D08B-435A-9F7D-6AF57067F7DD}.Debug|Any CPU.ActiveCfg = Debug|Any CPU
		{7BD72679-D08B-435A-9F7D-6AF57067F7DD}.Debug|Any CPU.Build.0 = Debug|Any CPU
		{7BD72679-D08B-435A-9F7D-6AF57067F7DD}.Release|Any CPU.ActiveCfg = Release|Any CPU
		{7BD72679-D08B-435A-9F7D-6AF57067F7DD}.Release|Any CPU.Build.0 = Release|Any CPU
		{D0371E8B-AADB-44F3-8491-FC3D79FA4AA1}.Debug|Any CPU.ActiveCfg = Debug|Any CPU
		{D0371E8B-AADB-44F3-8491-FC3D79FA4AA1}.Debug|Any CPU.Build.0 = Debug|Any CPU
		{D0371E8B-AADB-44F3-8491-FC3D79FA4AA1}.Release|Any CPU.ActiveCfg = Release|Any CPU
		{D0371E8B-AADB-44F3-8491-FC3D79FA4AA1}.Release|Any CPU.Build.0 = Release|Any CPU
		{00DFCF12-E1FB-4D2B-B4BA-5F82C31B03EE}.Debug|Any CPU.ActiveCfg = Debug|Any CPU
		{00DFCF12-E1FB-4D2B-B4BA-5F82C31B03EE}.Debug|Any CPU.Build.0 = Debug|Any CPU
		{00DFCF12-E1FB-4D2B-B4BA-5F82C31B03EE}.Release|Any CPU.ActiveCfg = Release|Any CPU
		{00DFCF12-E1FB-4D2B-B4BA-5F82C31B03EE}.Release|Any CPU.Build.0 = Release|Any CPU
	EndGlobalSection
	GlobalSection(SolutionProperties) = preSolution
		HideSolutionNode = FALSE
	EndGlobalSection
	GlobalSection(NestedProjects) = preSolution
		{BBFD2332-D914-4890-A6FC-A062D26E00DE} = {3C3AB825-781A-407B-A2DA-51F1BE6A41EF}
		{EE7F03AB-EF92-4151-91B8-01084942330E} = {FBDCB8B2-0F94-41F2-948B-F95EDA78DA73}
		{C832CBC8-5EF4-46DE-BBB7-4685BD6CCB25} = {BBC55EBE-DA3B-4B4A-B52E-77065C2000EE}
		{7BD72679-D08B-435A-9F7D-6AF57067F7DD} = {3C3AB825-781A-407B-A2DA-51F1BE6A41EF}
		{D0371E8B-AADB-44F3-8491-FC3D79FA4AA1} = {BBC55EBE-DA3B-4B4A-B52E-77065C2000EE}
		{00DFCF12-E1FB-4D2B-B4BA-5F82C31B03EE} = {3C3AB825-781A-407B-A2DA-51F1BE6A41EF}
	EndGlobalSection
	GlobalSection(ExtensibilityGlobals) = postSolution
		SolutionGuid = {88537076-3830-4C6F-B206-0DA568759E8B}
	EndGlobalSection
EndGlobal
